{
  "name": "watch-game-mpy-tools",
  "lockfileVersion": 3,
  "requires": true,
  "packages": {
    "": {
      "name": "watch-game-mpy-tools",
      "devDependencies": {
        "@micropython/micropython-webassembly-pyscript": "1.29.0-6"
      }
    },
    "node_modules/@micropython/micropython-webassembly-pyscript": {
      "version": "1.29.0-6",
      "resolved": "https://registry.npmjs.org/@micropython/micropython-webassembly-pyscript/-/micropython-webassembly-pyscript-1.29.0-6.tgz",
      "integrity": "sha512-kLwGPJFsLY/2aUPmzZxpvauFSmKc0SlJWVvvEttULR0poVQ6W9HV//1fUJyxrGWAxCVDw9aYqJ0LAog0ZLjYVA==",
      "dev": true,
      "license": "MIT"
    }
  }
}
